
Microsoft Visual Studio Solution File, Format Version 12.00
# Visual Studio 15
VisualStudioVersion = 15.0.27004.2002
MinimumVisualStudioVersion = 10.0.40219.1
Project("{FAE04EC0-301F-11D3-BF4B-00C04F79EFBC}") = "RestService", "CitySurfing\RestService.csproj", "{41484D98-F9C4-4896-9940-219A5CBC1658}"
EndProject
Project("{2150E333-8FDC-42A3-9474-1A3956D46DE8}") = "Data and Schema", "Data and Schema", "{5C83E2E3-C7C0-4EF8-8919-7179998C1CC7}"
EndProject
Project("{FAE04EC0-301F-11D3-BF4B-00C04F79EFBC}") = "Domain", "Domain\Domain.csproj", "{8AED0B8D-B0AD-4E14-8752-696FA216A6AC}"
EndProject
Project("{FAE04EC0-301F-11D3-BF4B-00C04F79EFBC}") = "DataAccess", "DataAccess\DataAccess.csproj", "{454056C6-82EE-46C6-8BE8-6E4320B151DC}"
EndProject
Project("{2150E333-8FDC-42A3-9474-1A3956D46DE8}") = "Business", "Business", "{91EB1DBE-63C9-46C3-B377-719FC43EE5A9}"
EndProject
Project("{2150E333-8FDC-42A3-9474-1A3956D46DE8}") = "Presentation", "Presentation", "{C3E642A1-C4F4-41A9-9547-4469F9E342BC}"
EndProject
Project("{FAE04EC0-301F-11D3-BF4B-00C04F79EFBC}") = "Business", "Business\Business.csproj", "{29D638B5-E341-4FA4-970A-840BDD725FEB}"
EndProject
Project("{FAE04EC0-301F-11D3-BF4B-00C04F79EFBC}") = "Ui", "FrontEnd\Ui.csproj", "{1BE1BCB9-C27B-46FD-A39A-17B61D71837A}"
EndProject
Project("{2150E333-8FDC-42A3-9474-1A3956D46DE8}") = "Testing", "Testing", "{80EA8805-4BCD-41AF-8840-4DF412637C5F}"
EndProject
Project("{FAE04EC0-301F-11D3-BF4B-00C04F79EFBC}") = "Testing.Business", "Testing.Business\Testing.Business.csproj", "{7CE49DF9-4327-4D56-AED6-CECE178C4BFF}"
EndProject
Project("{FAE04EC0-301F-11D3-BF4B-00C04F79EFBC}") = "Testing.RestService", "Testing.RestService\Testing.RestService.csproj", "{6E4181D6-9A89-42C7-89EC-1F66F660E2FE}"
EndProject
Global
	GlobalSection(SolutionConfigurationPlatforms) = preSolution
		Debug|Any CPU = Debug|Any CPU
		Release|Any CPU = Release|Any CPU
	EndGlobalSection
	GlobalSection(ProjectConfigurationPlatforms) = postSolution
		{41484D98-F9C4-4896-9940-219A5CBC1658}.Debug|Any CPU.ActiveCfg = Debug|Any CPU
		{41484D98-F9C4-4896-9940-219A5CBC1658}.Debug|Any CPU.Build.0 = Debug|Any CPU
		{41484D98-F9C4-4896-9940-219A5CBC1658}.Release|Any CPU.ActiveCfg = Release|Any CPU
		{41484D98-F9C4-4896-9940-219A5CBC1658}.Release|Any CPU.Build.0 = Release|Any CPU
		{8AED0B8D-B0AD-4E14-8752-696FA216A6AC}.Debug|Any CPU.ActiveCfg = Debug|Any CPU
		{8AED0B8D-B0AD-4E14-8752-696FA216A6AC}.Debug|Any CPU.Build.0 = Debug|Any CPU
		{8AED0B8D-B0AD-4E14-8752-696FA216A6AC}.Release|Any CPU.ActiveCfg = Release|Any CPU
		{8AED0B8D-B0AD-4E14-8752-696FA216A6AC}.Release|Any CPU.Build.0 = Release|Any CPU
		{454056C6-82EE-46C6-8BE8-6E4320B151DC}.Debug|Any CPU.ActiveCfg = Debug|Any CPU
		{454056C6-82EE-46C6-8BE8-6E4320B151DC}.Debug|Any CPU.Build.0 = Debug|Any CPU
		{454056C6-82EE-46C6-8BE8-6E4320B151DC}.Release|Any CPU.ActiveCfg = Release|Any CPU
		{454056C6-82EE-46C6-8BE8-6E4320B151DC}.Release|Any CPU.Build.0 = Release|Any CPU
		{29D638B5-E341-4FA4-970A-840BDD725FEB}.Debug|Any CPU.ActiveCfg = Debug|Any CPU
		{29D638B5-E341-4FA4-970A-840BDD725FEB}.Debug|Any CPU.Build.0 = Debug|Any CPU
		{29D638B5-E341-4FA4-970A-840BDD725FEB}.Release|Any CPU.ActiveCfg = Release|Any CPU
		{29D638B5-E341-4FA4-970A-840BDD725FEB}.Release|Any CPU.Build.0 = Release|Any CPU
		{1BE1BCB9-C27B-46FD-A39A-17B61D71837A}.Debug|Any CPU.ActiveCfg = Debug|Any CPU
		{1BE1BCB9-C27B-46FD-A39A-17B61D71837A}.Debug|Any CPU.Build.0 = Debug|Any CPU
		{1BE1BCB9-C27B-46FD-A39A-17B61D71837A}.Release|Any CPU.ActiveCfg = Release|Any CPU
		{1BE1BCB9-C27B-46FD-A39A-17B61D71837A}.Release|Any CPU.Build.0 = Release|Any CPU
		{7CE49DF9-4327-4D56-AED6-CECE178C4BFF}.Debug|Any CPU.ActiveCfg = Debug|Any CPU
		{7CE49DF9-4327-4D56-AED6-CECE178C4BFF}.Debug|Any CPU.Build.0 = Debug|Any CPU
		{7CE49DF9-4327-4D56-AED6-CECE178C4BFF}.Release|Any CPU.ActiveCfg = Release|Any CPU
		{7CE49DF9-4327-4D56-AED6-CECE178C4BFF}.Release|Any CPU.Build.0 = Release|Any CPU
		{6E4181D6-9A89-42C7-89EC-1F66F660E2FE}.Debug|Any CPU.ActiveCfg = Debug|Any CPU
		{6E4181D6-9A89-42C7-89EC-1F66F660E2FE}.Debug|Any CPU.Build.0 = Debug|Any CPU
		{6E4181D6-9A89-42C7-89EC-1F66F660E2FE}.Release|Any CPU.ActiveCfg = Release|Any CPU
		{6E4181D6-9A89-42C7-89EC-1F66F660E2FE}.Release|Any CPU.Build.0 = Release|Any CPU
	EndGlobalSection
	GlobalSection(SolutionProperties) = preSolution
		HideSolutionNode = FALSE
	EndGlobalSection
	GlobalSection(NestedProjects) = preSolution
		{41484D98-F9C4-4896-9940-219A5CBC1658} = {C3E642A1-C4F4-41A9-9547-4469F9E342BC}
		{8AED0B8D-B0AD-4E14-8752-696FA216A6AC} = {5C83E2E3-C7C0-4EF8-8919-7179998C1CC7}
		{454056C6-82EE-46C6-8BE8-6E4320B151DC} = {5C83E2E3-C7C0-4EF8-8919-7179998C1CC7}
		{29D638B5-E341-4FA4-970A-840BDD725FEB} = {91EB1DBE-63C9-46C3-B377-719FC43EE5A9}
		{1BE1BCB9-C27B-46FD-A39A-17B61D71837A} = {C3E642A1-C4F4-41A9-9547-4469F9E342BC}
		{7CE49DF9-4327-4D56-AED6-CECE178C4BFF} = {80EA8805-4BCD-41AF-8840-4DF412637C5F}
		{6E4181D6-9A89-42C7-89EC-1F66F660E2FE} = {80EA8805-4BCD-41AF-8840-4DF412637C5F}
	EndGlobalSection
	GlobalSection(ExtensibilityGlobals) = postSolution
		SolutionGuid = {1EC6B47D-605E-4AB7-A37C-D7645989583E}
	EndGlobalSection
EndGlobal
